<?xml version="1.0" encoding="utf-8"?>
<Project ToolsVersion="4.0" xmlns="http://schemas.microsoft.com/developer/msbuild/2003">
  <ItemGroup>
    <Filter Include="Source Files">
      <UniqueIdentifier>{4FC737F1-C7A5-4376-A066-2A32D752A2FF}</UniqueIdentifier>
      <Extensions>cpp;c;cc;cxx;def;odl;idl;hpj;bat;asm;asmx</Extensions>
    </Filter>
    <Filter Include="Header Files">
      <UniqueIdentifier>{93995380-89BD-4b04-88EB-625FBE52EBFB}</UniqueIdentifier>
      <Extensions>h;hpp;hxx;hm;inl;inc;xsd</Extensions>
    </Filter>
    <Filter Include="Resource Files">
      <UniqueIdentifier>{67DA6AB6-F800-4c08-8B7A-83BB121AAD01}</UniqueIdentifier>
      <Extensions>rc;ico;cur;bmp;dlg;rc2;rct;bin;rgs;gif;jpg;jpeg;jpe;resx;tiff;tif;png;wav;mfcribbon-ms</Extensions>
    </Filter>
    <Filter Include="Source Files\missing_stl">
      <UniqueIdentifier>{7db46111-eab4-4bc8-90cb-cd1f0e35159c}</UniqueIdentifier>
    </Filter>
  </ItemGroup>
  <ItemGroup>
    <None Include="ReadMe.txt" />
    <None Include="9x15.bdf" />
  </ItemGroup>
  <ItemGroup>
    <ClInclude Include="stdafx.h">
      <Filter>Header Files</Filter>
    </ClInclude>
    <ClInclude Include="targetver.h">
      <Filter>Header Files</Filter>
    </ClInclude>
    <ClInclude Include="write_png.h">
      <Filter>Source Files</Filter>
    </ClInclude>
    <ClInclude Include="bdf_parser.h">
      <Filter>Source Files</Filter>
    </ClInclude>
    <ClInclude Include="bdftopng.h">
      <Filter>Source Files</Filter>
    </ClInclude>
    <ClInclude Include="missing_stl.h">
      <Filter>Source Files\missing_stl</Filter>
    </ClInclude>
    <ClInclude Include="unistd.h">
      <Filter>Source Files\missing_stl</Filter>
    </ClInclude>
  </ItemGroup>
  <ItemGroup>
    <ClCompile Include="stdafx.cpp">
      <Filter>Source Files</Filter>
    </ClCompile>
    <ClCompile Include="bdftoPng.c">
      <Filter>Source Files</Filter>
    </ClCompile>
    <ClCompile Include="write_png.c">
      <Filter>Source Files</Filter>
    </ClCompile>
    <ClCompile Include="main.c">
      <Filter>Source Files</Filter>
    </ClCompile>
    <ClCompile Include="fnt_file.c">
      <Filter>Source Files</Filter>
    </ClCompile>
    <ClCompile Include="bdftoheader.c">
      <Filter>Source Files</Filter>
    </ClCompile>
    <ClCompile Include="getopt.c">
      <Filter>Source Files\missing_stl</Filter>
    </ClCompile>
    <ClCompile Include="dirent.c">
      <Filter>Source Files\missing_stl</Filter>
    </ClCompile>
    <ClCompile Include="extras.c">
      <Filter>Source Files\missing_stl</Filter>
    </ClCompile>
    <ClCompile Include="strtok_extra.c">
      <Filter>Source Files\missing_stl</Filter>
    </ClCompile>
    <ClCompile Include="bdf_parser.c">
      <Filter>Source Files</Filter>
    </ClCompile>
  </ItemGroup>
</Project>